// !$*UTF8*$!
{
	archiveVersion = 1;
	classes = {
	};
	objectVersion = 46;
	objects = {

/* Begin PBXBuildFile section */
		740F00BE1B38979200F76707 /* DetailViewController.swift in Sources */ = {isa = PBXBuildFile; fileRef = 740F00BD1B38979200F76707 /* DetailViewController.swift */; };
		74A7E5AA1B346C5200AC8E4F /* AppDelegate.swift in Sources */ = {isa = PBXBuildFile; fileRef = 74A7E5A91B346C5200AC8E4F /* AppDelegate.swift */; };
		74A7E5AC1B346C5200AC8E4F /* ViewController.swift in Sources */ = {isa = PBXBuildFile; fileRef = 74A7E5AB1B346C5200AC8E4F /* ViewController.swift */; };
		74A7E5AF1B346C5200AC8E4F /* Main.storyboard in Resources */ = {isa = PBXBuildFile; fileRef = 74A7E5AD1B346C5200AC8E4F /* Main.storyboard */; };
		74A7E5B11B346C5200AC8E4F /* Images.xcassets in Resources */ = {isa = PBXBuildFile; fileRef = 74A7E5B01B346C5200AC8E4F /* Images.xcassets */; };
		74A7E5B41B346C5200AC8E4F /* LaunchScreen.xib in Resources */ = {isa = PBXBuildFile; fileRef = 74A7E5B21B346C5200AC8E4F /* LaunchScreen.xib */; };
		74A7E5C01B346C5200AC8E4F /* TrendMatcherTests.swift in Sources */ = {isa = PBXBuildFile; fileRef = 74A7E5BF1B346C5200AC8E4F /* TrendMatcherTests.swift */; };
/* End PBXBuildFile section */

/* Begin PBXContainerItemProxy section */
		74A7E5BA1B346C5200AC8E4F /* PBXContainerItemProxy */ = {
			isa = PBXContainerItemProxy;
			containerPortal = 74A7E59C1B346C5200AC8E4F /* Project object */;
			proxyType = 1;
			remoteGlobalIDString = 74A7E5A31B346C5200AC8E4F;
			remoteInfo = TrendMatcher;
		};
/* End PBXContainerItemProxy section */

/* Begin PBXFileReference section */
		740F00BD1B38979200F76707 /* DetailViewController.swift */ = {isa = PBXFileReference; fileEncoding = 4; lastKnownFileType = sourcecode.swift; name = DetailViewController.swift; path = ../DetailViewController.swift; sourceTree = "<group>"; };
		74A7E5A41B346C5200AC8E4F /* TrendMatcher.app */ = {isa = PBXFileReference; explicitFileType = wrapper.application; includeInIndex = 0; path = TrendMatcher.app; sourceTree = BUILT_PRODUCTS_DIR; };
		74A7E5A81B346C5200AC8E4F /* Info.plist */ = {isa = PBXFileReference; lastKnownFileType = text.plist.xml; path = Info.plist; sourceTree = "<group>"; };
		74A7E5A91B346C5200AC8E4F /* AppDelegate.swift */ = {isa = PBXFileReference; lastKnownFileType = sourcecode.swift; path = AppDelegate.swift; sourceTree = "<group>"; };
		74A7E5AB1B346C5200AC8E4F /* ViewController.swift */ = {isa = PBXFileReference; lastKnownFileType = sourcecode.swift; path = ViewController.swift; sourceTree = "<group>"; };
		74A7E5AE1B346C5200AC8E4F /* Base */ = {isa = PBXFileReference; lastKnownFileType = file.storyboard; name = Base; path = Base.lproj/Main.storyboard; sourceTree = "<group>"; };
		74A7E5B01B346C5200AC8E4F /* Images.xcassets */ = {isa = PBXFileReference; lastKnownFileType = folder.assetcatalog; path = Images.xcassets; sourceTree = "<group>"; };
		74A7E5B31B346C5200AC8E4F /* Base */ = {isa = PBXFileReference; lastKnownFileType = file.xib; name = Base; path = Base.lproj/LaunchScreen.xib; sourceTree = "<group>"; };
		74A7E5B91B346C5200AC8E4F /* TrendMatcherTests.xctest */ = {isa = PBXFileReference; explicitFileType = wrapper.cfbundle; includeInIndex = 0; path = TrendMatcherTests.xctest; sourceTree = BUILT_PRODUCTS_DIR; };
		74A7E5BE1B346C5200AC8E4F /* Info.plist */ = {isa = PBXFileReference; lastKnownFileType = text.plist.xml; path = Info.plist; sourceTree = "<group>"; };
		74A7E5BF1B346C5200AC8E4F /* TrendMatcherTests.swift */ = {isa = PBXFileReference; lastKnownFileType = sourcecode.swift; path = TrendMatcherTests.swift; sourceTree = "<group>"; };
/* End PBXFileReference section */

/* Begin PBXFrameworksBuildPhase section */
		74A7E5A11B346C5200AC8E4F /* Frameworks */ = {
			isa = PBXFrameworksBuildPhase;
			buildActionMask = 2147483647;
			files = (
			);
			runOnlyForDeploymentPostprocessing = 0;
		};
		74A7E5B61B346C5200AC8E4F /* Frameworks */ = {
			isa = PBXFrameworksBuildPhase;
			buildActionMask = 2147483647;
			files = (
			);
			runOnlyForDeploymentPostprocessing = 0;
		};
/* End PBXFrameworksBuildPhase section */

/* Begin PBXGroup section */
		74A7E59B1B346C5200AC8E4F = {
			isa = PBXGroup;
			children = (
				74A7E5A61B346C5200AC8E4F /* TrendMatcher */,
				74A7E5BC1B346C5200AC8E4F /* TrendMatcherTests */,
				74A7E5A51B346C5200AC8E4F /* Products */,
			);
			sourceTree = "<group>";
		};
		74A7E5A51B346C5200AC8E4F /* Products */ = {
			isa = PBXGroup;
			children = (
				74A7E5A41B346C5200AC8E4F /* TrendMatcher.app */,
				74A7E5B91B346C5200AC8E4F /* TrendMatcherTests.xctest */,
			);
			name = Products;
			sourceTree = "<group>";
		};
		74A7E5A61B346C5200AC8E4F /* TrendMatcher */ = {
			isa = PBXGroup;
			children = (
				74A7E5A91B346C5200AC8E4F /* AppDelegate.swift */,
				740F00BD1B38979200F76707 /* DetailViewController.swift */,
				74A7E5B01B346C5200AC8E4F /* Images.xcassets */,
				74A7E5B21B346C5200AC8E4F /* LaunchScreen.xib */,
				74A7E5AD1B346C5200AC8E4F /* Main.storyboard */,
				74A7E5A71B346C5200AC8E4F /* Supporting Files */,
				74A7E5AB1B346C5200AC8E4F /* ViewController.swift */,
			);
			path = TrendMatcher;
			sourceTree = "<group>";
		};
		74A7E5A71B346C5200AC8E4F /* Supporting Files */ = {
			isa = PBXGroup;
			children = (
				74A7E5A81B346C5200AC8E4F /* Info.plist */,
			);
			name = "Supporting Files";
			sourceTree = "<group>";
		};
		74A7E5BC1B346C5200AC8E4F /* TrendMatcherTests */ = {
			isa = PBXGroup;
			children = (
				74A7E5BF1B346C5200AC8E4F /* TrendMatcherTests.swift */,
				74A7E5BD1B346C5200AC8E4F /* Supporting Files */,
			);
			path = TrendMatcherTests;
			sourceTree = "<group>";
		};
		74A7E5BD1B346C5200AC8E4F /* Supporting Files */ = {
			isa = PBXGroup;
			children = (
				74A7E5BE1B346C5200AC8E4F /* Info.plist */,
			);
			name = "Supporting Files";
			sourceTree = "<group>";
		};
/* End PBXGroup section */

/* Begin PBXNativeTarget section */
		74A7E5A31B346C5200AC8E4F /* TrendMatcher */ = {
			isa = PBXNativeTarget;
			buildConfigurationList = 74A7E5C31B346C5200AC8E4F /* Build configuration list for PBXNativeTarget "TrendMatcher" */;
			buildPhases = (
				74A7E5A01B346C5200AC8E4F /* Sources */,
				74A7E5A11B346C5200AC8E4F /* Frameworks */,
				74A7E5A21B346C5200AC8E4F /* Resources */,
			);
			buildRules = (
			);
			dependencies = (
			);
			name = TrendMatcher;
			productName = TrendMatcher;
			productReference = 74A7E5A41B346C5200AC8E4F /* TrendMatcher.app */;
			productType = "com.apple.product-type.application";
		};
		74A7E5B81B346C5200AC8E4F /* TrendMatcherTests */ = {
			isa = PBXNativeTarget;
			buildConfigurationList = 74A7E5C61B346C5200AC8E4F /* Build configuration list for PBXNativeTarget "TrendMatcherTests" */;
			buildPhases = (
				74A7E5B51B346C5200AC8E4F /* Sources */,
				74A7E5B61B346C5200AC8E4F /* Frameworks */,
				74A7E5B71B346C5200AC8E4F /* Resources */,
			);
			buildRules = (
			);
			dependencies = (
				74A7E5BB1B346C5200AC8E4F /* PBXTargetDependency */,
			);
			name = TrendMatcherTests;
			productName = TrendMatcherTests;
			productReference = 74A7E5B91B346C5200AC8E4F /* TrendMatcherTests.xctest */;
			productType = "com.apple.product-type.bundle.unit-test";
		};
/* End PBXNativeTarget section */

/* Begin PBXProject section */
		74A7E59C1B346C5200AC8E4F /* Project object */ = {
			isa = PBXProject;
			attributes = {
				LastUpgradeCheck = 0630;
				ORGANIZATIONNAME = cazrin.net;
				TargetAttributes = {
					74A7E5A31B346C5200AC8E4F = {
						CreatedOnToolsVersion = 6.3.2;
					};
					74A7E5B81B346C5200AC8E4F = {
						CreatedOnToolsVersion = 6.3.2;
						TestTargetID = 74A7E5A31B346C5200AC8E4F;
					};
				};
			};
			buildConfigurationList = 74A7E59F1B346C5200AC8E4F /* Build configuration list for PBXProject "TrendMatcher" */;
			compatibilityVersion = "Xcode 3.2";
			developmentRegion = English;
			hasScannedForEncodings = 0;
			knownRegions = (
				en,
				Base,
			);
			mainGroup = 74A7E59B1B346C5200AC8E4F;
			productRefGroup = 74A7E5A51B346C5200AC8E4F /* Products */;
			projectDirPath = "";
			projectRoot = "";
			targets = (
				74A7E5A31B346C5200AC8E4F /* TrendMatcher */,
				74A7E5B81B346C5200AC8E4F /* TrendMatcherTests */,
			);
		};
/* End PBXProject section */

/* Begin PBXResourcesBuildPhase section */
		74A7E5A21B346C5200AC8E4F /* Resources */ = {
			isa = PBXResourcesBuildPhase;
			buildActionMask = 2147483647;
			files = (
				74A7E5AF1B346C5200AC8E4F /* Main.storyboard in Resources */,
				74A7E5B41B346C5200AC8E4F /* LaunchScreen.xib in Resources */,
				74A7E5B11B346C5200AC8E4F /* Images.xcassets in Resources */,
			);
			runOnlyForDeploymentPostprocessing = 0;
		};
		74A7E5B71B346C5200AC8E4F /* Resources */ = {
			isa = PBXResourcesBuildPhase;
			buildActionMask = 2147483647;
			files = (
			);
			runOnlyForDeploymentPostprocessing = 0;
		};
/* End PBXResourcesBuildPhase section */

/* Begin PBXSourcesBuildPhase section */
		74A7E5A01B346C5200AC8E4F /* Sources */ = {
			isa = PBXSourcesBuildPhase;
			buildActionMask = 2147483647;
			files = (
				740F00BE1B38979200F76707 /* DetailViewController.swift in Sources */,
				74A7E5AC1B346C5200AC8E4F /* ViewController.swift in Sources */,
				74A7E5AA1B346C5200AC8E4F /* AppDelegate.swift in Sources */,
			);
			runOnlyForDeploymentPostprocessing = 0;
		};
		74A7E5B51B346C5200AC8E4F /* Sources */ = {
			isa = PBXSourcesBuildPhase;
			buildActionMask = 2147483647;
			files = (
				74A7E5C01B346C5200AC8E4F /* TrendMatcherTests.swift in Sources */,
			);
			runOnlyForDeploymentPostprocessing = 0;
		};
/* End PBXSourcesBuildPhase section */

/* Begin PBXTargetDependency section */
		74A7E5BB1B346C5200AC8E4F /* PBXTargetDependency */ = {
			isa = PBXTargetDependency;
			target = 74A7E5A31B346C5200AC8E4F /* TrendMatcher */;
			targetProxy = 74A7E5BA1B346C5200AC8E4F /* PBXContainerItemProxy */;
		};
/* End PBXTargetDependency section */

/* Begin PBXVariantGroup section */
		74A7E5AD1B346C5200AC8E4F /* Main.storyboard */ = {
			isa = PBXVariantGroup;
			children = (
				74A7E5AE1B346C5200AC8E4F /* Base */,
			);
			name = Main.storyboard;
			sourceTree = "<group>";
		};
		74A7E5B21B346C5200AC8E4F /* LaunchScreen.xib */ = {
			isa = PBXVariantGroup;
			children = (
				74A7E5B31B346C5200AC8E4F /* Base */,
			);
			name = LaunchScreen.xib;
			sourceTree = "<group>";
		};
/* End PBXVariantGroup section */

/* Begin XCBuildConfiguration section */
		74A7E5C11B346C5200AC8E4F /* Debug */ = {
			isa = XCBuildConfiguration;
			buildSettings = {
				ALWAYS_SEARCH_USER_PATHS = NO;
				CLANG_CXX_LANGUAGE_STANDARD = "gnu++0x";
				CLANG_CXX_LIBRARY = "libc++";
				CLANG_ENABLE_MODULES = YES;
				CLANG_ENABLE_OBJC_ARC = YES;
				CLANG_WARN_BOOL_CONVERSION = YES;
				CLANG_WARN_CONSTANT_CONVERSION = YES;
				CLANG_WARN_DIRECT_OBJC_ISA_USAGE = YES_ERROR;
				CLANG_WARN_EMPTY_BODY = YES;
				CLANG_WARN_ENUM_CONVERSION = YES;
				CLANG_WARN_INT_CONVERSION = YES;
				CLANG_WARN_OBJC_ROOT_CLASS = YES_ERROR;
				CLANG_WARN_UNREACHABLE_CODE = YES;
				CLANG_WARN__DUPLICATE_METHOD_MATCH = YES;
				"CODE_SIGN_IDENTITY[sdk=iphoneos*]" = "iPhone Developer";
				COPY_PHASE_STRIP = NO;
				DEBUG_INFORMATION_FORMAT = "dwarf-with-dsym";
				ENABLE_STRICT_OBJC_MSGSEND = YES;
				GCC_C_LANGUAGE_STANDARD = gnu99;
				GCC_DYNAMIC_NO_PIC = NO;
				GCC_NO_COMMON_BLOCKS = YES;
				GCC_OPTIMIZATION_LEVEL = 0;
				GCC_PREPROCESSOR_DEFINITIONS = (
					"DEBUG=1",
					"$(inherited)",
				);
				GCC_SYMBOLS_PRIVATE_EXTERN = NO;
				GCC_WARN_64_TO_32_BIT_CONVERSION = YES;
				GCC_WARN_ABOUT_RETURN_TYPE = YES_ERROR;
				GCC_WARN_UNDECLARED_SELECTOR = YES;
				GCC_WARN_UNINITIALIZED_AUTOS = YES_AGGRESSIVE;
				GCC_WARN_UNUSED_FUNCTION = YES;
				GCC_WARN_UNUSED_VARIABLE = YES;
				IPHONEOS_DEPLOYMENT_TARGET = 8.3;
				MTL_ENABLE_DEBUG_INFO = YES;
				ONLY_ACTIVE_ARCH = YES;
				SDKROOT = iphoneos;
				SWIFT_OPTIMIZATION_LEVEL = "-Onone";
				TARGETED_DEVICE_FAMILY = "1,2";
			};
			name = Debug;
		};
		74A7E5C21B346C5200AC8E4F /* Release */ = {
			isa = XCBuildConfiguration;
			buildSettings = {
				ALWAYS_SEARCH_USER_PATHS = NO;
				CLANG_CXX_LANGUAGE_STANDARD = "gnu++0x";
				CLANG_CXX_LIBRARY = "libc++";
				CLANG_ENABLE_MODULES = YES;
				CLANG_ENABLE_OBJC_ARC = YES;
				CLANG_WARN_BOOL_CONVERSION = YES;
				CLANG_WARN_CONSTANT_CONVERSION = YES;
				CLANG_WARN_DIRECT_OBJC_ISA_USAGE = YES_ERROR;
				CLANG_WARN_EMPTY_BODY = YES;
				CLANG_WARN_ENUM_CONVERSION = YES;
				CLANG_WARN_INT_CONVERSION = YES;
				CLANG_WARN_OBJC_ROOT_CLASS = YES_ERROR;
				CLANG_WARN_UNREACHABLE_CODE = YES;
				CLANG_WARN__DUPLICATE_METHOD_MATCH = YES;
				"CODE_SIGN_IDENTITY[sdk=iphoneos*]" = "iPhone Developer";
				COPY_PHASE_STRIP = NO;
				DEBUG_INFORMATION_FORMAT = "dwarf-with-dsym";
				ENABLE_NS_ASSERTIONS = NO;
				ENABLE_STRICT_OBJC_MSGSEND = YES;
				GCC_C_LANGUAGE_STANDARD = gnu99;
				GCC_NO_COMMON_BLOCKS = YES;
				GCC_WARN_64_TO_32_BIT_CONVERSION = YES;
				GCC_WARN_ABOUT_RETURN_TYPE = YES_ERROR;
				GCC_WARN_UNDECLARED_SELECTOR = YES;
				GCC_WARN_UNINITIALIZED_AUTOS = YES_AGGRESSIVE;
				GCC_WARN_UNUSED_FUNCTION = YES;
				GCC_WARN_UNUSED_VARIABLE = YES;
				IPHONEOS_DEPLOYMENT_TARGET = 8.3;
				MTL_ENABLE_DEBUG_INFO = NO;
				SDKROOT = iphoneos;
				TARGETED_DEVICE_FAMILY = "1,2";
				VALIDATE_PRODUCT = YES;
			};
			name = Release;
		};
		74A7E5C41B346C5200AC8E4F /* Debug */ = {
			isa = XCBuildConfiguration;
			buildSettings = {
				ASSETCATALOG_COMPILER_APPICON_NAME = AppIcon;
				INFOPLIST_FILE = TrendMatcher/Info.plist;
				LD_RUNPATH_SEARCH_PATHS = "$(inherited) @executable_path/Frameworks";
				PRODUCT_NAME = "$(TARGET_NAME)";
			};
			name = Debug;
		};
		74A7E5C51B346C5200AC8E4F /* Release */ = {
			isa = XCBuildConfiguration;
			buildSettings = {
				ASSETCATALOG_COMPILER_APPICON_NAME = AppIcon;
				INFOPLIST_FILE = TrendMatcher/Info.plist;
				LD_RUNPATH_SEARCH_PATHS = "$(inherited) @executable_path/Frameworks";
				PRODUCT_NAME = "$(TARGET_NAME)";
			};
			name = Release;
		};
		74A7E5C71B346C5200AC8E4F /* Debug */ = {
			isa = XCBuildConfiguration;
			buildSettings = {
				BUNDLE_LOADER = "$(TEST_HOST)";
				FRAMEWORK_SEARCH_PATHS = (
					"$(SDKROOT)/Developer/Library/Frameworks",
					"$(inherited)",
				);
				GCC_PREPROCESSOR_DEFINITIONS = (
					"DEBUG=1",
					"$(inherited)",
				);
				INFOPLIST_FILE = TrendMatcherTests/Info.plist;
				LD_RUNPATH_SEARCH_PATHS = "$(inherited) @executable_path/Frameworks @loader_path/Frameworks";
				PRODUCT_NAME = "$(TARGET_NAME)";
				TEST_HOST = "$(BUILT_PRODUCTS_DIR)/TrendMatcher.app/TrendMatcher";
			};
			name = Debug;
		};
		74A7E5C81B346C5200AC8E4F /* Release */ = {
			isa = XCBuildConfiguration;
			buildSettings = {
				BUNDLE_LOADER = "$(TEST_HOST)";
				FRAMEWORK_SEARCH_PATHS = (
					"$(SDKROOT)/Developer/Library/Frameworks",
					"$(inherited)",
				);
				INFOPLIST_FILE = TrendMatcherTests/Info.plist;
				LD_RUNPATH_SEARCH_PATHS = "$(inherited) @executable_path/Frameworks @loader_path/Frameworks";
				PRODUCT_NAME = "$(TARGET_NAME)";
				TEST_HOST = "$(BUILT_PRODUCTS_DIR)/TrendMatcher.app/TrendMatcher";
			};
			name = Release;
		};
/* End XCBuildConfiguration section */

/* Begin XCConfigurationList section */
		74A7E59F1B346C5200AC8E4F /* Build configuration list for PBXProject "TrendMatcher" */ = {
			isa = XCConfigurationList;
			buildConfigurations = (
				74A7E5C11B346C5200AC8E4F /* Debug */,
				74A7E5C21B346C5200AC8E4F /* Release */,
			);
			defaultConfigurationIsVisible = 0;
			defaultConfigurationName = Release;
		};
		74A7E5C31B346C5200AC8E4F /* Build configuration list for PBXNativeTarget "TrendMatcher" */ = {
			isa = XCConfigurationList;
			buildConfigurations = (
				74A7E5C41B346C5200AC8E4F /* Debug */,
				74A7E5C51B346C5200AC8E4F /* Release */,
			);
			defaultConfigurationIsVisible = 0;
			defaultConfigurationName = Release;
		};
		74A7E5C61B346C5200AC8E4F /* Build configuration list for PBXNativeTarget "TrendMatcherTests" */ = {
			isa = XCConfigurationList;
			buildConfigurations = (
				74A7E5C71B346C5200AC8E4F /* Debug */,
				74A7E5C81B346C5200AC8E4F /* Release */,
			);
			defaultConfigurationIsVisible = 0;
			defaultConfigurationName = Release;
		};
/* End XCConfigurationList section */
	};
	rootObject = 74A7E59C1B346C5200AC8E4F /* Project object */;
}
